// !$*UTF8*$!
{
	archiveVersion = 1;
	classes = {
	};
	objectVersion = 50;
	objects = {

/* Begin PBXBuildFile section */
		9B01B4102411A72F00EE1BFD /* AppDelegate.swift in Sources */ = {isa = PBXBuildFile; fileRef = 9B01B40F2411A72F00EE1BFD /* AppDelegate.swift */; };
		9B01B4122411A72F00EE1BFD /* SceneDelegate.swift in Sources */ = {isa = PBXBuildFile; fileRef = 9B01B4112411A72F00EE1BFD /* SceneDelegate.swift */; };
		9B01B4142411A72F00EE1BFD /* LoginViewController.swift in Sources */ = {isa = PBXBuildFile; fileRef = 9B01B4132411A72F00EE1BFD /* LoginViewController.swift */; };
		9B01B4172411A72F00EE1BFD /* Main.storyboard in Resources */ = {isa = PBXBuildFile; fileRef = 9B01B4152411A72F00EE1BFD /* Main.storyboard */; };
		9B01B4192411A73200EE1BFD /* Assets.xcassets in Resources */ = {isa = PBXBuildFile; fileRef = 9B01B4182411A73200EE1BFD /* Assets.xcassets */; };
		9B01B41C2411A73200EE1BFD /* LaunchScreen.storyboard in Resources */ = {isa = PBXBuildFile; fileRef = 9B01B41A2411A73200EE1BFD /* LaunchScreen.storyboard */; };
		9B01B4242411B01700EE1BFD /* CustomerListTableViewController.swift in Sources */ = {isa = PBXBuildFile; fileRef = 9B01B4232411B01700EE1BFD /* CustomerListTableViewController.swift */; };
		9B01B4262411BD5F00EE1BFD /* AddNewCustomerViewController.swift in Sources */ = {isa = PBXBuildFile; fileRef = 9B01B4252411BD5F00EE1BFD /* AddNewCustomerViewController.swift */; };
		9B1A17B324131ACD00AC254D /* UserInfo.plist in Resources */ = {isa = PBXBuildFile; fileRef = 9B1A17B224131ACD00AC254D /* UserInfo.plist */; };
		9B1A17B52413259700AC254D /* Customer.swift in Sources */ = {isa = PBXBuildFile; fileRef = 9B1A17B42413259700AC254D /* Customer.swift */; };
/* End PBXBuildFile section */

/* Begin PBXFileReference section */
		9B01B40C2411A72F00EE1BFD /* C0774174_MidTerm_MAD3115W2020-P1.app */ = {isa = PBXFileReference; explicitFileType = wrapper.application; includeInIndex = 0; path = "C0774174_MidTerm_MAD3115W2020-P1.app"; sourceTree = BUILT_PRODUCTS_DIR; };
		9B01B40F2411A72F00EE1BFD /* AppDelegate.swift */ = {isa = PBXFileReference; lastKnownFileType = sourcecode.swift; path = AppDelegate.swift; sourceTree = "<group>"; };
		9B01B4112411A72F00EE1BFD /* SceneDelegate.swift */ = {isa = PBXFileReference; lastKnownFileType = sourcecode.swift; path = SceneDelegate.swift; sourceTree = "<group>"; };
		9B01B4132411A72F00EE1BFD /* LoginViewController.swift */ = {isa = PBXFileReference; lastKnownFileType = sourcecode.swift; path = LoginViewController.swift; sourceTree = "<group>"; };
		9B01B4162411A72F00EE1BFD /* Base */ = {isa = PBXFileReference; lastKnownFileType = file.storyboard; name = Base; path = Base.lproj/Main.storyboard; sourceTree = "<group>"; };
		9B01B4182411A73200EE1BFD /* Assets.xcassets */ = {isa = PBXFileReference; lastKnownFileType = folder.assetcatalog; path = Assets.xcassets; sourceTree = "<group>"; };
		9B01B41B2411A73200EE1BFD /* Base */ = {isa = PBXFileReference; lastKnownFileType = file.storyboard; name = Base; path = Base.lproj/LaunchScreen.storyboard; sourceTree = "<group>"; };
		9B01B41D2411A73200EE1BFD /* Info.plist */ = {isa = PBXFileReference; lastKnownFileType = text.plist.xml; path = Info.plist; sourceTree = "<group>"; };
		9B01B4232411B01700EE1BFD /* CustomerListTableViewController.swift */ = {isa = PBXFileReference; lastKnownFileType = sourcecode.swift; path = CustomerListTableViewController.swift; sourceTree = "<group>"; };
		9B01B4252411BD5F00EE1BFD /* AddNewCustomerViewController.swift */ = {isa = PBXFileReference; lastKnownFileType = sourcecode.swift; path = AddNewCustomerViewController.swift; sourceTree = "<group>"; };
		9B1A17B224131ACD00AC254D /* UserInfo.plist */ = {isa = PBXFileReference; lastKnownFileType = text.plist.xml; path = UserInfo.plist; sourceTree = "<group>"; };
		9B1A17B42413259700AC254D /* Customer.swift */ = {isa = PBXFileReference; lastKnownFileType = sourcecode.swift; path = Customer.swift; sourceTree = "<group>"; };
/* End PBXFileReference section */

/* Begin PBXFrameworksBuildPhase section */
		9B01B4092411A72F00EE1BFD /* Frameworks */ = {
			isa = PBXFrameworksBuildPhase;
			buildActionMask = 2147483647;
			files = (
			);
			runOnlyForDeploymentPostprocessing = 0;
		};
/* End PBXFrameworksBuildPhase section */

/* Begin PBXGroup section */
		9B01B4032411A72F00EE1BFD = {
			isa = PBXGroup;
			children = (
				9B01B40E2411A72F00EE1BFD /* C0774174_MidTerm_MAD3115W2020-P1 */,
				9B01B40D2411A72F00EE1BFD /* Products */,
			);
			sourceTree = "<group>";
		};
		9B01B40D2411A72F00EE1BFD /* Products */ = {
			isa = PBXGroup;
			children = (
				9B01B40C2411A72F00EE1BFD /* C0774174_MidTerm_MAD3115W2020-P1.app */,
			);
			name = Products;
			sourceTree = "<group>";
		};
		9B01B40E2411A72F00EE1BFD /* C0774174_MidTerm_MAD3115W2020-P1 */ = {
			isa = PBXGroup;
			children = (
				9B01B40F2411A72F00EE1BFD /* AppDelegate.swift */,
				9B01B4112411A72F00EE1BFD /* SceneDelegate.swift */,
				9B01B4132411A72F00EE1BFD /* LoginViewController.swift */,
				9B01B4152411A72F00EE1BFD /* Main.storyboard */,
				9B01B4182411A73200EE1BFD /* Assets.xcassets */,
				9B01B41A2411A73200EE1BFD /* LaunchScreen.storyboard */,
				9B01B41D2411A73200EE1BFD /* Info.plist */,
				9B01B4232411B01700EE1BFD /* CustomerListTableViewController.swift */,
				9B01B4252411BD5F00EE1BFD /* AddNewCustomerViewController.swift */,
				9B1A17B224131ACD00AC254D /* UserInfo.plist */,
				9B1A17B42413259700AC254D /* Customer.swift */,
			);
			path = "C0774174_MidTerm_MAD3115W2020-P1";
			sourceTree = "<group>";
		};
/* End PBXGroup section */

/* Begin PBXNativeTarget section */
		9B01B40B2411A72F00EE1BFD /* C0774174_MidTerm_MAD3115W2020-P1 */ = {
			isa = PBXNativeTarget;
			buildConfigurationList = 9B01B4202411A73200EE1BFD /* Build configuration list for PBXNativeTarget "C0774174_MidTerm_MAD3115W2020-P1" */;
			buildPhases = (
				9B01B4082411A72F00EE1BFD /* Sources */,
				9B01B4092411A72F00EE1BFD /* Frameworks */,
				9B01B40A2411A72F00EE1BFD /* Resources */,
			);
			buildRules = (
			);
			dependencies = (
			);
			name = "C0774174_MidTerm_MAD3115W2020-P1";
			productName = "C0774174_MidTerm_MAD3115W2020-P1";
			productReference = 9B01B40C2411A72F00EE1BFD /* C0774174_MidTerm_MAD3115W2020-P1.app */;
			productType = "com.apple.product-type.application";
		};
/* End PBXNativeTarget section */

/* Begin PBXProject section */
		9B01B4042411A72F00EE1BFD /* Project object */ = {
			isa = PBXProject;
			attributes = {
				LastSwiftUpdateCheck = 1130;
				LastUpgradeCheck = 1130;
				ORGANIZATIONNAME = MacStudent;
				TargetAttributes = {
					9B01B40B2411A72F00EE1BFD = {
						CreatedOnToolsVersion = 11.3;
					};
				};
			};
			buildConfigurationList = 9B01B4072411A72F00EE1BFD /* Build configuration list for PBXProject "C0774174_MidTerm_MAD3115W2020-P1" */;
			compatibilityVersion = "Xcode 9.3";
			developmentRegion = en;
			hasScannedForEncodings = 0;
			knownRegions = (
				en,
				Base,
			);
			mainGroup = 9B01B4032411A72F00EE1BFD;
			productRefGroup = 9B01B40D2411A72F00EE1BFD /* Products */;
			projectDirPath = "";
			projectRoot = "";
			targets = (
				9B01B40B2411A72F00EE1BFD /* C0774174_MidTerm_MAD3115W2020-P1 */,
			);
		};
/* End PBXProject section */

/* Begin PBXResourcesBuildPhase section */
		9B01B40A2411A72F00EE1BFD /* Resources */ = {
			isa = PBXResourcesBuildPhase;
			buildActionMask = 2147483647;
			files = (
				9B01B41C2411A73200EE1BFD /* LaunchScreen.storyboard in Resources */,
				9B01B4192411A73200EE1BFD /* Assets.xcassets in Resources */,
				9B01B4172411A72F00EE1BFD /* Main.storyboard in Resources */,
				9B1A17B324131ACD00AC254D /* UserInfo.plist in Resources */,
			);
			runOnlyForDeploymentPostprocessing = 0;
		};
/* End PBXResourcesBuildPhase section */

/* Begin PBXSourcesBuildPhase section */
		9B01B4082411A72F00EE1BFD /* Sources */ = {
			isa = PBXSourcesBuildPhase;
			buildActionMask = 2147483647;
			files = (
				9B01B4142411A72F00EE1BFD /* LoginViewController.swift in Sources */,
				9B01B4242411B01700EE1BFD /* CustomerListTableViewController.swift in Sources */,
				9B01B4262411BD5F00EE1BFD /* AddNewCustomerViewController.swift in Sources */,
				9B1A17B52413259700AC254D /* Customer.swift in Sources */,
				9B01B4102411A72F00EE1BFD /* AppDelegate.swift in Sources */,
				9B01B4122411A72F00EE1BFD /* SceneDelegate.swift in Sources */,
			);
			runOnlyForDeploymentPostprocessing = 0;
		};
/* End PBXSourcesBuildPhase section */

/* Begin PBXVariantGroup section */
		9B01B4152411A72F00EE1BFD /* Main.storyboard */ = {
			isa = PBXVariantGroup;
			children = (
				9B01B4162411A72F00EE1BFD /* Base */,
			);
			name = Main.storyboard;
			sourceTree = "<group>";
		};
		9B01B41A2411A73200EE1BFD /* LaunchScreen.storyboard */ = {
			isa = PBXVariantGroup;
			children = (
				9B01B41B2411A73200EE1BFD /* Base */,
			);
			name = LaunchScreen.storyboard;
			sourceTree = "<group>";
		};
/* End PBXVariantGroup section */

/* Begin XCBuildConfiguration section */
		9B01B41E2411A73200EE1BFD /* Debug */ = {
			isa = XCBuildConfiguration;
			buildSettings = {
				ALWAYS_SEARCH_USER_PATHS = NO;
				CLANG_ANALYZER_NONNULL = YES;
				CLANG_ANALYZER_NUMBER_OBJECT_CONVERSION = YES_AGGRESSIVE;
				CLANG_CXX_LANGUAGE_STANDARD = "gnu++14";
				CLANG_CXX_LIBRARY = "libc++";
				CLANG_ENABLE_MODULES = YES;
				CLANG_ENABLE_OBJC_ARC = YES;
				CLANG_ENABLE_OBJC_WEAK = YES;
				CLANG_WARN_BLOCK_CAPTURE_AUTORELEASING = YES;
				CLANG_WARN_BOOL_CONVERSION = YES;
				CLANG_WARN_COMMA = YES;
				CLANG_WARN_CONSTANT_CONVERSION = YES;
				CLANG_WARN_DEPRECATED_OBJC_IMPLEMENTATIONS = YES;
				CLANG_WARN_DIRECT_OBJC_ISA_USAGE = YES_ERROR;
				CLANG_WARN_DOCUMENTATION_COMMENTS = YES;
				CLANG_WARN_EMPTY_BODY = YES;
				CLANG_WARN_ENUM_CONVERSION = YES;
				CLANG_WARN_INFINITE_RECURSION = YES;
				CLANG_WARN_INT_CONVERSION = YES;
				CLANG_WARN_NON_LITERAL_NULL_CONVERSION = YES;
				CLANG_WARN_OBJC_IMPLICIT_RETAIN_SELF = YES;
				CLANG_WARN_OBJC_LITERAL_CONVERSION = YES;
				CLANG_WARN_OBJC_ROOT_CLASS = YES_ERROR;
				CLANG_WARN_RANGE_LOOP_ANALYSIS = YES;
				CLANG_WARN_STRICT_PROTOTYPES = YES;
				CLANG_WARN_SUSPICIOUS_MOVE = YES;
				CLANG_WARN_UNGUARDED_AVAILABILITY = YES_AGGRESSIVE;
				CLANG_WARN_UNREACHABLE_CODE = YES;
				CLANG_WARN__DUPLICATE_METHOD_MATCH = YES;
				COPY_PHASE_STRIP = NO;
				DEBUG_INFORMATION_FORMAT = dwarf;
				ENABLE_STRICT_OBJC_MSGSEND = YES;
				ENABLE_TESTABILITY = YES;
				GCC_C_LANGUAGE_STANDARD = gnu11;
				GCC_DYNAMIC_NO_PIC = NO;
				GCC_NO_COMMON_BLOCKS = YES;
				GCC_OPTIMIZATION_LEVEL = 0;
				GCC_PREPROCESSOR_DEFINITIONS = (
					"DEBUG=1",
					"$(inherited)",
				);
				GCC_WARN_64_TO_32_BIT_CONVERSION = YES;
				GCC_WARN_ABOUT_RETURN_TYPE = YES_ERROR;
				GCC_WARN_UNDECLARED_SELECTOR = YES;
				GCC_WARN_UNINITIALIZED_AUTOS = YES_AGGRESSIVE;
				GCC_WARN_UNUSED_FUNCTION = YES;
				GCC_WARN_UNUSED_VARIABLE = YES;
				IPHONEOS_DEPLOYMENT_TARGET = 13.2;
				MTL_ENABLE_DEBUG_INFO = INCLUDE_SOURCE;
				MTL_FAST_MATH = YES;
				ONLY_ACTIVE_ARCH = YES;
				SDKROOT = iphoneos;
				SWIFT_ACTIVE_COMPILATION_CONDITIONS = DEBUG;
				SWIFT_OPTIMIZATION_LEVEL = "-Onone";
			};
			name = Debug;
		};
		9B01B41F2411A73200EE1BFD /* Release */ = {
			isa = XCBuildConfiguration;
			buildSettings = {
				ALWAYS_SEARCH_USER_PATHS = NO;
				CLANG_ANALYZER_NONNULL = YES;
				CLANG_ANALYZER_NUMBER_OBJECT_CONVERSION = YES_AGGRESSIVE;
				CLANG_CXX_LANGUAGE_STANDARD = "gnu++14";
				CLANG_CXX_LIBRARY = "libc++";
				CLANG_ENABLE_MODULES = YES;
				CLANG_ENABLE_OBJC_ARC = YES;
				CLANG_ENABLE_OBJC_WEAK = YES;
				CLANG_WARN_BLOCK_CAPTURE_AUTORELEASING = YES;
				CLANG_WARN_BOOL_CONVERSION = YES;
				CLANG_WARN_COMMA = YES;
				CLANG_WARN_CONSTANT_CONVERSION = YES;
				CLANG_WARN_DEPRECATED_OBJC_IMPLEMENTATIONS = YES;
				CLANG_WARN_DIRECT_OBJC_ISA_USAGE = YES_ERROR;
				CLANG_WARN_DOCUMENTATION_COMMENTS = YES;
				CLANG_WARN_EMPTY_BODY = YES;
				CLANG_WARN_ENUM_CONVERSION = YES;
				CLANG_WARN_INFINITE_RECURSION = YES;
				CLANG_WARN_INT_CONVERSION = YES;
				CLANG_WARN_NON_LITERAL_NULL_CONVERSION = YES;
				CLANG_WARN_OBJC_IMPLICIT_RETAIN_SELF = YES;
				CLANG_WARN_OBJC_LITERAL_CONVERSION = YES;
				CLANG_WARN_OBJC_ROOT_CLASS = YES_ERROR;
				CLANG_WARN_RANGE_LOOP_ANALYSIS = YES;
				CLANG_WARN_STRICT_PROTOTYPES = YES;
				CLANG_WARN_SUSPICIOUS_MOVE = YES;
				CLANG_WARN_UNGUARDED_AVAILABILITY = YES_AGGRESSIVE;
				CLANG_WARN_UNREACHABLE_CODE = YES;
				CLANG_WARN__DUPLICATE_METHOD_MATCH = YES;
				COPY_PHASE_STRIP = NO;
				DEBUG_INFORMATION_FORMAT = "dwarf-with-dsym";
				ENABLE_NS_ASSERTIONS = NO;
				ENABLE_STRICT_OBJC_MSGSEND = YES;
				GCC_C_LANGUAGE_STANDARD = gnu11;
				GCC_NO_COMMON_BLOCKS = YES;
				GCC_WARN_64_TO_32_BIT_CONVERSION = YES;
				GCC_WARN_ABOUT_RETURN_TYPE = YES_ERROR;
				GCC_WARN_UNDECLARED_SELECTOR = YES;
				GCC_WARN_UNINITIALIZED_AUTOS = YES_AGGRESSIVE;
				GCC_WARN_UNUSED_FUNCTION = YES;
				GCC_WARN_UNUSED_VARIABLE = YES;
				IPHONEOS_DEPLOYMENT_TARGET = 13.2;
				MTL_ENABLE_DEBUG_INFO = NO;
				MTL_FAST_MATH = YES;
				SDKROOT = iphoneos;
				SWIFT_COMPILATION_MODE = wholemodule;
				SWIFT_OPTIMIZATION_LEVEL = "-O";
				VALIDATE_PRODUCT = YES;
			};
			name = Release;
		};
		9B01B4212411A73200EE1BFD /* Debug */ = {
			isa = XCBuildConfiguration;
			buildSettings = {
				ASSETCATALOG_COMPILER_APPICON_NAME = AppIcon;
				CODE_SIGN_STYLE = Automatic;
				INFOPLIST_FILE = "C0774174_MidTerm_MAD3115W2020-P1/Info.plist";
				LD_RUNPATH_SEARCH_PATHS = (
					"$(inherited)",
					"@executable_path/Frameworks",
				);
				PRODUCT_BUNDLE_IDENTIFIER = "CestarCollege.C0774174-MidTerm-MAD3115W2020-P1";
				PRODUCT_NAME = "$(TARGET_NAME)";
				SWIFT_VERSION = 5.0;
				TARGETED_DEVICE_FAMILY = "1,2";
			};
			name = Debug;
		};
		9B01B4222411A73200EE1BFD /* Release */ = {
			isa = XCBuildConfiguration;
			buildSettings = {
				ASSETCATALOG_COMPILER_APPICON_NAME = AppIcon;
				CODE_SIGN_STYLE = Automatic;
				INFOPLIST_FILE = "C0774174_MidTerm_MAD3115W2020-P1/Info.plist";
				LD_RUNPATH_SEARCH_PATHS = (
					"$(inherited)",
					"@executable_path/Frameworks",
				);
				PRODUCT_BUNDLE_IDENTIFIER = "CestarCollege.C0774174-MidTerm-MAD3115W2020-P1";
				PRODUCT_NAME = "$(TARGET_NAME)";
				SWIFT_VERSION = 5.0;
				TARGETED_DEVICE_FAMILY = "1,2";
			};
			name = Release;
		};
/* End XCBuildConfiguration section */

/* Begin XCConfigurationList section */
		9B01B4072411A72F00EE1BFD /* Build configuration list for PBXProject "C0774174_MidTerm_MAD3115W2020-P1" */ = {
			isa = XCConfigurationList;
			buildConfigurations = (
				9B01B41E2411A73200EE1BFD /* Debug */,
				9B01B41F2411A73200EE1BFD /* Release */,
			);
			defaultConfigurationIsVisible = 0;
			defaultConfigurationName = Release;
		};
		9B01B4202411A73200EE1BFD /* Build configuration list for PBXNativeTarget "C0774174_MidTerm_MAD3115W2020-P1" */ = {
			isa = XCConfigurationList;
			buildConfigurations = (
				9B01B4212411A73200EE1BFD /* Debug */,
				9B01B4222411A73200EE1BFD /* Release */,
			);
			defaultConfigurationIsVisible = 0;
			defaultConfigurationName = Release;
		};
/* End XCConfigurationList section */
	};
	rootObject = 9B01B4042411A72F00EE1BFD /* Project object */;
}
